
Microsoft Visual Studio Solution File, Format Version 12.00
Project("{FAE04EC0-301F-11D3-BF4B-00C04F79EFBC}") = "Inheritance_overriding", "Inheritance_overriding\Inheritance_overriding.csproj", "{A881D290-AEE5-4768-AC3B-C83BF26BAAD0}"
EndProject
Project("{FAE04EC0-301F-11D3-BF4B-00C04F79EFBC}") = "Abstract_class_and_method-shape", "Abstract_class_and_method-shape\Abstract_class_and_method-shape.csproj", "{A7CBCA98-260F-4C62-B9ED-434D9052F03B}"
EndProject
Project("{FAE04EC0-301F-11D3-BF4B-00C04F79EFBC}") = "Interfaces-IMovable", "Interfaces-IMovable\Interfaces-IMovable.csproj", "{97D74C04-5D45-467F-9900-7D91552C2939}"
EndProject
Global
	GlobalSection(SolutionConfigurationPlatforms) = preSolution
		Debug|Any CPU = Debug|Any CPU
		Release|Any CPU = Release|Any CPU
	EndGlobalSection
	GlobalSection(ProjectConfigurationPlatforms) = postSolution
		{A881D290-AEE5-4768-AC3B-C83BF26BAAD0}.Debug|Any CPU.ActiveCfg = Debug|Any CPU
		{A881D290-AEE5-4768-AC3B-C83BF26BAAD0}.Debug|Any CPU.Build.0 = Debug|Any CPU
		{A881D290-AEE5-4768-AC3B-C83BF26BAAD0}.Release|Any CPU.ActiveCfg = Release|Any CPU
		{A881D290-AEE5-4768-AC3B-C83BF26BAAD0}.Release|Any CPU.Build.0 = Release|Any CPU
		{A7CBCA98-260F-4C62-B9ED-434D9052F03B}.Debug|Any CPU.ActiveCfg = Debug|Any CPU
		{A7CBCA98-260F-4C62-B9ED-434D9052F03B}.Debug|Any CPU.Build.0 = Debug|Any CPU
		{A7CBCA98-260F-4C62-B9ED-434D9052F03B}.Release|Any CPU.ActiveCfg = Release|Any CPU
		{A7CBCA98-260F-4C62-B9ED-434D9052F03B}.Release|Any CPU.Build.0 = Release|Any CPU
		{97D74C04-5D45-467F-9900-7D91552C2939}.Debug|Any CPU.ActiveCfg = Debug|Any CPU
		{97D74C04-5D45-467F-9900-7D91552C2939}.Debug|Any CPU.Build.0 = Debug|Any CPU
		{97D74C04-5D45-467F-9900-7D91552C2939}.Release|Any CPU.ActiveCfg = Release|Any CPU
		{97D74C04-5D45-467F-9900-7D91552C2939}.Release|Any CPU.Build.0 = Release|Any CPU
	EndGlobalSection
EndGlobal
